
Microsoft Visual Studio Solution File, Format Version 12.00
# Visual Studio Version 17
VisualStudioVersion = 17.14.36221.1 d17.14
MinimumVisualStudioVersion = 10.0.40219.1
Project("{FAE04EC0-301F-11D3-BF4B-00C04F79EFBC}") = "AccountManagementSystem", "AccountManagementSystem.csproj", "{CBC31C54-B962-4F61-AA69-380E9FFF2AB7}"
EndProject
Global
	GlobalSection(SolutionConfigurationPlatforms) = preSolution
		Debug|Any CPU = Debug|Any CPU
		Release|Any CPU = Release|Any CPU
	EndGlobalSection
	GlobalSection(ProjectConfigurationPlatforms) = postSolution
		{CBC31C54-B962-4F61-AA69-380E9FFF2AB7}.Debug|Any CPU.ActiveCfg = Debug|Any CPU
		{CBC31C54-B962-4F61-AA69-380E9FFF2AB7}.Debug|Any CPU.Build.0 = Debug|Any CPU
		{CBC31C54-B962-4F61-AA69-380E9FFF2AB7}.Release|Any CPU.ActiveCfg = Release|Any CPU
		{CBC31C54-B962-4F61-AA69-380E9FFF2AB7}.Release|Any CPU.Build.0 = Release|Any CPU
	EndGlobalSection
	GlobalSection(SolutionProperties) = preSolution
		HideSolutionNode = FALSE
	EndGlobalSection
	GlobalSection(ExtensibilityGlobals) = postSolution
		SolutionGuid = {2D0F4CC2-6E8F-440A-B9E6-2DB7B0100419}
	EndGlobalSection
EndGlobal
